# This file is automatically @generated by Cargo.
# It is not intended for manual editing.
version = 3

[[package]]
name = "adler"
version = "1.0.2"
source = "registry+https://github.com/rust-lang/crates.io-index"
checksum = "f26201604c87b1e01bd3d98f8d5d9a8fcbb815e8cedb41ffccbeb4bf593a35fe"

[[package]]
name = "ahash"
version = "0.8.3"
source = "registry+https://github.com/rust-lang/crates.io-index"
checksum = "2c99f64d1e06488f620f932677e24bc6e2897582980441ae90a671415bd7ec2f"
dependencies = [
 "cfg-if",
 "once_cell",
 "version_check",
]

[[package]]
name = "aho-corasick"
version = "0.7.20"
source = "registry+https://github.com/rust-lang/crates.io-index"
checksum = "cc936419f96fa211c1b9166887b38e5e40b19958e5b895be7c1f93adec7071ac"
dependencies = [
 "memchr",
]

[[package]]
name = "android_system_properties"
version = "0.1.5"
source = "registry+https://github.com/rust-lang/crates.io-index"
checksum = "819e7219dbd41043ac279b19830f2efc897156490d7fd6ea916720117ee66311"
dependencies = [
 "libc",
]

[[package]]
name = "ansi_term"
version = "0.12.1"
source = "registry+https://github.com/rust-lang/crates.io-index"
checksum = "d52a9bb7ec0cf484c551830a7ce27bd20d67eac647e1befb56b0be4ee39a55d2"
dependencies = [
 "winapi",
]

[[package]]
name = "anyhow"
version = "1.0.70"
source = "registry+https://github.com/rust-lang/crates.io-index"
checksum = "7de8ce5e0f9f8d88245311066a578d72b7af3e7088f32783804676302df237e4"

[[package]]
name = "atty"
version = "0.2.14"
source = "registry+https://github.com/rust-lang/crates.io-index"
checksum = "d9b39be18770d11421cdb1b9947a45dd3f37e93092cbf377614828a319d5fee8"
dependencies = [
 "hermit-abi",
 "libc",
 "winapi",
]

[[package]]
name = "autocfg"
version = "1.1.0"
source = "registry+https://github.com/rust-lang/crates.io-index"
checksum = "d468802bab17cbc0cc575e9b053f41e72aa36bfa6b7f55e3529ffa43161b97fa"

[[package]]
name = "bincode"
version = "1.3.3"
source = "registry+https://github.com/rust-lang/crates.io-index"
checksum = "b1f45e9417d87227c7a56d22e471c6206462cba514c7590c09aff4cf6d1ddcad"
dependencies = [
 "serde",
]

[[package]]
name = "bitflags"
version = "1.3.2"
source = "registry+https://github.com/rust-lang/crates.io-index"
checksum = "bef38d45163c2f1dde094a7dfd33ccf595c92905c8f8f4fdc18d06fb1037718a"

[[package]]
name = "bumpalo"
version = "3.12.0"
source = "registry+https://github.com/rust-lang/crates.io-index"
checksum = "0d261e256854913907f67ed06efbc3338dfe6179796deefc1ff763fc1aee5535"

[[package]]
name = "c_vec"
version = "2.0.0"
source = "registry+https://github.com/rust-lang/crates.io-index"
checksum = "fdd7a427adc0135366d99db65b36dae9237130997e560ed61118041fb72be6e8"

[[package]]
name = "cargo-husky"
version = "1.5.0"
source = "registry+https://github.com/rust-lang/crates.io-index"
checksum = "7b02b629252fe8ef6460461409564e2c21d0c8e77e0944f3d189ff06c4e932ad"

[[package]]
name = "cc"
version = "1.0.79"
source = "registry+https://github.com/rust-lang/crates.io-index"
checksum = "50d30906286121d95be3d479533b458f87493b30a4b5f79a607db8f5d11aa91f"

[[package]]
name = "cfg-if"
version = "1.0.0"
source = "registry+https://github.com/rust-lang/crates.io-index"
checksum = "baf1de4339761588bc0619e3cbc0120ee582ebb74b53b4efbf79117bd2da40fd"

[[package]]
name = "chrono"
version = "0.4.24"
source = "registry+https://github.com/rust-lang/crates.io-index"
checksum = "4e3c5919066adf22df73762e50cffcde3a758f2a848b113b586d1f86728b673b"
dependencies = [
 "iana-time-zone",
 "js-sys",
 "num-integer",
 "num-traits",
 "time",
 "wasm-bindgen",
 "winapi",
]

[[package]]
name = "clap"
version = "2.34.0"
source = "registry+https://github.com/rust-lang/crates.io-index"
checksum = "a0610544180c38b88101fecf2dd634b174a62eef6946f84dfc6a7127512b381c"
dependencies = [
 "ansi_term",
 "atty",
 "bitflags",
 "strsim",
 "textwrap",
 "unicode-width",
 "vec_map",
]

[[package]]
name = "codespan-reporting"
version = "0.11.1"
source = "registry+https://github.com/rust-lang/crates.io-index"
checksum = "3538270d33cc669650c4b093848450d380def10c331d38c768e34cac80576e6e"
dependencies = [
 "termcolor",
 "unicode-width",
]

[[package]]
name = "core-foundation-sys"
version = "0.8.4"
source = "registry+https://github.com/rust-lang/crates.io-index"
checksum = "e496a50fda8aacccc86d7529e2c1e0892dbd0f898a6b5645b5561b89c3210efa"

[[package]]
name = "crc32fast"
version = "1.3.2"
source = "registry+https://github.com/rust-lang/crates.io-index"
checksum = "b540bd8bc810d3885c6ea91e2018302f68baba2129ab3e88f32389ee9370880d"
dependencies = [
 "cfg-if",
]

[[package]]
name = "crossbeam-utils"
version = "0.8.15"
source = "registry+https://github.com/rust-lang/crates.io-index"
checksum = "3c063cd8cc95f5c377ed0d4b49a4b21f632396ff690e8470c29b3359b346984b"
dependencies = [
 "cfg-if",
]

[[package]]
name = "cxx"
version = "1.0.94"
source = "registry+https://github.com/rust-lang/crates.io-index"
checksum = "f61f1b6389c3fe1c316bf8a4dccc90a38208354b330925bce1f74a6c4756eb93"
dependencies = [
 "cc",
 "cxxbridge-flags",
 "cxxbridge-macro",
 "link-cplusplus",
]

[[package]]
name = "cxx-build"
version = "1.0.94"
source = "registry+https://github.com/rust-lang/crates.io-index"
checksum = "12cee708e8962df2aeb38f594aae5d827c022b6460ac71a7a3e2c3c2aae5a07b"
dependencies = [
 "cc",
 "codespan-reporting",
 "once_cell",
 "proc-macro2",
 "quote",
 "scratch",
 "syn 2.0.15",
]

[[package]]
name = "cxxbridge-flags"
version = "1.0.94"
source = "registry+https://github.com/rust-lang/crates.io-index"
checksum = "7944172ae7e4068c533afbb984114a56c46e9ccddda550499caa222902c7f7bb"

[[package]]
name = "cxxbridge-macro"
version = "1.0.94"
source = "registry+https://github.com/rust-lang/crates.io-index"
checksum = "2345488264226bf682893e25de0769f3360aac9957980ec49361b083ddaa5bc5"
dependencies = [
 "proc-macro2",
 "quote",
 "syn 2.0.15",
]

[[package]]
name = "dirs"
version = "4.0.0"
source = "registry+https://github.com/rust-lang/crates.io-index"
checksum = "ca3aa72a6f96ea37bbc5aa912f6788242832f75369bdfdadcb0e38423f100059"
dependencies = [
 "dirs-sys",
]

[[package]]
name = "dirs-sys"
version = "0.3.7"
source = "registry+https://github.com/rust-lang/crates.io-index"
checksum = "1b1d1d91c932ef41c0f2663aa8b0ca0342d444d842c06914aa0a7e352d0bada6"
dependencies = [
 "libc",
 "redox_users",
 "winapi",
]

[[package]]
name = "enum_dispatch"
version = "0.3.11"
source = "registry+https://github.com/rust-lang/crates.io-index"
checksum = "11f36e95862220b211a6e2aa5eca09b4fa391b13cd52ceb8035a24bf65a79de2"
dependencies = [
 "once_cell",
 "proc-macro2",
 "quote",
 "syn 1.0.109",
]

[[package]]
name = "env_logger"
version = "0.7.1"
source = "registry+https://github.com/rust-lang/crates.io-index"
checksum = "44533bbbb3bb3c1fa17d9f2e4e38bbbaf8396ba82193c4cb1b6445d711445d36"
dependencies = [
 "atty",
 "humantime",
 "log",
 "regex",
 "termcolor",
]

[[package]]
name = "fdeflate"
version = "0.3.0"
source = "registry+https://github.com/rust-lang/crates.io-index"
checksum = "d329bdeac514ee06249dabc27877490f17f5d371ec693360768b838e19f3ae10"
dependencies = [
 "simd-adler32",
]

[[package]]
name = "flate2"
version = "1.0.25"
source = "registry+https://github.com/rust-lang/crates.io-index"
checksum = "a8a2db397cb1c8772f31494cb8917e48cd1e64f0fa7efac59fbd741a0a8ce841"
dependencies = [
 "crc32fast",
 "miniz_oxide 0.6.2",
]

[[package]]
name = "getrandom"
version = "0.2.9"
source = "registry+https://github.com/rust-lang/crates.io-index"
checksum = "c85e1d9ab2eadba7e5040d4e09cbd6d072b76a557ad64e797c2cb9d4da21d7e4"
dependencies = [
 "cfg-if",
 "js-sys",
 "libc",
 "wasi 0.11.0+wasi-snapshot-preview1",
 "wasm-bindgen",
]

[[package]]
name = "hashbrown"
version = "0.13.2"
source = "registry+https://github.com/rust-lang/crates.io-index"
checksum = "43a3c133739dddd0d2990f9a4bdf8eb4b21ef50e4851ca85ab661199821d510e"
dependencies = [
 "ahash",
]

[[package]]
name = "heck"
version = "0.3.3"
source = "registry+https://github.com/rust-lang/crates.io-index"
checksum = "6d621efb26863f0e9924c6ac577e8275e5e6b77455db64ffa6c65c904e9e132c"
dependencies = [
 "unicode-segmentation",
]

[[package]]
name = "hermit-abi"
version = "0.1.19"
source = "registry+https://github.com/rust-lang/crates.io-index"
checksum = "62b467343b94ba476dcb2500d242dadbb39557df889310ac77c5d99100aaac33"
dependencies = [
 "libc",
]

[[package]]
name = "humantime"
version = "1.3.0"
source = "registry+https://github.com/rust-lang/crates.io-index"
checksum = "df004cfca50ef23c36850aaaa59ad52cc70d0e90243c3c7737a4dd32dc7a3c4f"
dependencies = [
 "quick-error",
]

[[package]]
name = "iana-time-zone"
version = "0.1.56"
source = "registry+https://github.com/rust-lang/crates.io-index"
checksum = "0722cd7114b7de04316e7ea5456a0bbb20e4adb46fd27a3697adb812cff0f37c"
dependencies = [
 "android_system_properties",
 "core-foundation-sys",
 "iana-time-zone-haiku",
 "js-sys",
 "wasm-bindgen",
 "windows",
]

[[package]]
name = "iana-time-zone-haiku"
version = "0.1.1"
source = "registry+https://github.com/rust-lang/crates.io-index"
checksum = "0703ae284fc167426161c2e3f1da3ea71d94b21bedbcc9494e92b28e334e3dca"
dependencies = [
 "cxx",
 "cxx-build",
]

[[package]]
name = "itoa"
version = "1.0.6"
source = "registry+https://github.com/rust-lang/crates.io-index"
checksum = "453ad9f582a441959e5f0d088b02ce04cfe8d51a8eaf077f12ac6d3e94164ca6"

[[package]]
name = "js-sys"
version = "0.3.61"
source = "registry+https://github.com/rust-lang/crates.io-index"
checksum = "445dde2150c55e483f3d8416706b97ec8e8237c307e5b7b4b8dd15e6af2a0730"
dependencies = [
 "wasm-bindgen",
]

[[package]]
name = "lazy_static"
version = "1.4.0"
source = "registry+https://github.com/rust-lang/crates.io-index"
checksum = "e2abad23fbc42b3700f2f279844dc832adb2b2eb069b2df918f455c4e18cc646"

[[package]]
name = "libc"
version = "0.2.141"
source = "registry+https://github.com/rust-lang/crates.io-index"
checksum = "3304a64d199bb964be99741b7a14d26972741915b3649639149b2479bb46f4b5"

[[package]]
name = "link-cplusplus"
version = "1.0.8"
source = "registry+https://github.com/rust-lang/crates.io-index"
checksum = "ecd207c9c713c34f95a097a5b029ac2ce6010530c7b49d7fea24d977dede04f5"
dependencies = [
 "cc",
]

[[package]]
name = "log"
version = "0.4.17"
source = "registry+https://github.com/rust-lang/crates.io-index"
checksum = "abb12e687cfb44aa40f41fc3978ef76448f9b6038cad6aef4259d3c095a2382e"
dependencies = [
 "cfg-if",
 "serde",
]

[[package]]
name = "lru"
version = "0.10.0"
source = "registry+https://github.com/rust-lang/crates.io-index"
checksum = "03f1160296536f10c833a82dca22267d5486734230d47bf00bf435885814ba1e"
dependencies = [
 "hashbrown",
]

[[package]]
name = "memchr"
version = "2.5.0"
source = "registry+https://github.com/rust-lang/crates.io-index"
checksum = "2dffe52ecf27772e601905b7522cb4ef790d2cc203488bbd0e2fe85fcb74566d"

[[package]]
name = "miniz_oxide"
version = "0.6.2"
source = "registry+https://github.com/rust-lang/crates.io-index"
checksum = "b275950c28b37e794e8c55d88aeb5e139d0ce23fdbbeda68f8d7174abdf9e8fa"
dependencies = [
 "adler",
]

[[package]]
name = "miniz_oxide"
version = "0.7.1"
source = "registry+https://github.com/rust-lang/crates.io-index"
checksum = "e7810e0be55b428ada41041c41f32c9f1a42817901b4ccf45fa3d4b6561e74c7"
dependencies = [
 "adler",
 "simd-adler32",
]

[[package]]
name = "num-integer"
version = "0.1.45"
source = "registry+https://github.com/rust-lang/crates.io-index"
checksum = "225d3389fb3509a24c93f5c29eb6bde2586b98d9f016636dff58d7c6f7569cd9"
dependencies = [
 "autocfg",
 "num-traits",
]

[[package]]
name = "num-traits"
version = "0.2.15"
source = "registry+https://github.com/rust-lang/crates.io-index"
checksum = "578ede34cf02f8924ab9447f50c28075b4d3e5b269972345e7e0372b38c6cdcd"
dependencies = [
 "autocfg",
]

[[package]]
name = "once_cell"
version = "1.17.1"
source = "registry+https://github.com/rust-lang/crates.io-index"
checksum = "b7e5500299e16ebb147ae15a00a942af264cf3688f47923b8fc2cd5858f23ad3"

[[package]]
name = "pix-engine"
version = "0.7.0"
source = "git+https://github.com/lukexor/pix-engine.git#874d58639daceaf582bfd436f3e1f3bdb5cb4e0d"
dependencies = [
 "anyhow",
 "bitflags",
 "chrono",
 "getrandom",
 "log",
 "lru",
 "num-traits",
 "once_cell",
 "png",
 "rand",
 "sdl2",
 "serde",
 "thiserror",
]

[[package]]
name = "png"
version = "0.17.8"
source = "registry+https://github.com/rust-lang/crates.io-index"
checksum = "aaeebc51f9e7d2c150d3f3bfeb667f2aa985db5ef1e3d212847bdedb488beeaa"
dependencies = [
 "bitflags",
 "crc32fast",
 "fdeflate",
 "flate2",
 "miniz_oxide 0.7.1",
]

[[package]]
name = "ppv-lite86"
version = "0.2.17"
source = "registry+https://github.com/rust-lang/crates.io-index"
checksum = "5b40af805b3121feab8a3c29f04d8ad262fa8e0561883e7653e024ae4479e6de"

[[package]]
name = "pretty_env_logger"
version = "0.4.0"
source = "registry+https://github.com/rust-lang/crates.io-index"
checksum = "926d36b9553851b8b0005f1275891b392ee4d2d833852c417ed025477350fb9d"
dependencies = [
 "env_logger",
 "log",
]

[[package]]
name = "proc-macro-error"
version = "1.0.4"
source = "registry+https://github.com/rust-lang/crates.io-index"
checksum = "da25490ff9892aab3fcf7c36f08cfb902dd3e71ca0f9f9517bea02a73a5ce38c"
dependencies = [
 "proc-macro-error-attr",
 "proc-macro2",
 "quote",
 "syn 1.0.109",
 "version_check",
]

[[package]]
name = "proc-macro-error-attr"
version = "1.0.4"
source = "registry+https://github.com/rust-lang/crates.io-index"
checksum = "a1be40180e52ecc98ad80b184934baf3d0d29f979574e439af5a55274b35f869"
dependencies = [
 "proc-macro2",
 "quote",
 "version_check",
]

[[package]]
name = "proc-macro2"
version = "1.0.56"
source = "registry+https://github.com/rust-lang/crates.io-index"
checksum = "2b63bdb0cd06f1f4dedf69b254734f9b45af66e4a031e42a7480257d9898b435"
dependencies = [
 "unicode-ident",
]

[[package]]
name = "quick-error"
version = "1.2.3"
source = "registry+https://github.com/rust-lang/crates.io-index"
checksum = "a1d01941d82fa2ab50be1e79e6714289dd7cde78eba4c074bc5a4374f650dfe0"

[[package]]
name = "quote"
version = "1.0.26"
source = "registry+https://github.com/rust-lang/crates.io-index"
checksum = "4424af4bf778aae2051a77b60283332f386554255d722233d09fbfc7e30da2fc"
dependencies = [
 "proc-macro2",
]

[[package]]
name = "rand"
version = "0.8.5"
source = "registry+https://github.com/rust-lang/crates.io-index"
checksum = "34af8d1a0e25924bc5b7c43c079c942339d8f0a8b57c39049bef581b46327404"
dependencies = [
 "libc",
 "rand_chacha",
 "rand_core",
]

[[package]]
name = "rand_chacha"
version = "0.3.1"
source = "registry+https://github.com/rust-lang/crates.io-index"
checksum = "e6c10a63a0fa32252be49d21e7709d4d4baf8d231c2dbce1eaa8141b9b127d88"
dependencies = [
 "ppv-lite86",
 "rand_core",
]

[[package]]
name = "rand_core"
version = "0.6.4"
source = "registry+https://github.com/rust-lang/crates.io-index"
checksum = "ec0be4795e2f6a28069bec0b5ff3e2ac9bafc99e6a9a7dc3547996c5c816922c"
dependencies = [
 "getrandom",
]

[[package]]
name = "redox_syscall"
version = "0.2.16"
source = "registry+https://github.com/rust-lang/crates.io-index"
checksum = "fb5a58c1855b4b6819d59012155603f0b22ad30cad752600aadfcb695265519a"
dependencies = [
 "bitflags",
]

[[package]]
name = "redox_users"
version = "0.4.3"
source = "registry+https://github.com/rust-lang/crates.io-index"
checksum = "b033d837a7cf162d7993aded9304e30a83213c648b6e389db233191f891e5c2b"
dependencies = [
 "getrandom",
 "redox_syscall",
 "thiserror",
]

[[package]]
name = "regex"
version = "1.7.3"
source = "registry+https://github.com/rust-lang/crates.io-index"
checksum = "8b1f693b24f6ac912f4893ef08244d70b6067480d2f1a46e950c9691e6749d1d"
dependencies = [
 "aho-corasick",
 "memchr",
 "regex-syntax",
]

[[package]]
name = "regex-syntax"
version = "0.6.29"
source = "registry+https://github.com/rust-lang/crates.io-index"
checksum = "f162c6dd7b008981e4d40210aca20b4bd0f9b60ca9271061b07f78537722f2e1"

[[package]]
name = "ringbuf"
version = "0.3.3"
source = "registry+https://github.com/rust-lang/crates.io-index"
checksum = "79abed428d1fd2a128201cec72c5f6938e2da607c6f3745f769fabea399d950a"
dependencies = [
 "crossbeam-utils",
]

[[package]]
name = "ryu"
version = "1.0.13"
source = "registry+https://github.com/rust-lang/crates.io-index"
checksum = "f91339c0467de62360649f8d3e185ca8de4224ff281f66000de5eb2a77a79041"

[[package]]
name = "scratch"
version = "1.0.5"
source = "registry+https://github.com/rust-lang/crates.io-index"
checksum = "1792db035ce95be60c3f8853017b3999209281c24e2ba5bc8e59bf97a0c590c1"

[[package]]
name = "sdl2"
version = "0.35.2"
source = "registry+https://github.com/rust-lang/crates.io-index"
checksum = "f7959277b623f1fb9e04aea73686c3ca52f01b2145f8ea16f4ff30d8b7623b1a"
dependencies = [
 "bitflags",
 "c_vec",
 "lazy_static",
 "libc",
 "sdl2-sys",
]

[[package]]
name = "sdl2-sys"
version = "0.35.2"
source = "registry+https://github.com/rust-lang/crates.io-index"
checksum = "e3586be2cf6c0a8099a79a12b4084357aa9b3e0b0d7980e3b67aaf7a9d55f9f0"
dependencies = [
 "cfg-if",
 "libc",
 "version-compare",
]

[[package]]
name = "serde"
version = "1.0.160"
source = "registry+https://github.com/rust-lang/crates.io-index"
checksum = "bb2f3770c8bce3bcda7e149193a069a0f4365bda1fa5cd88e03bca26afc1216c"
dependencies = [
 "serde_derive",
]

[[package]]
name = "serde_derive"
version = "1.0.160"
source = "registry+https://github.com/rust-lang/crates.io-index"
checksum = "291a097c63d8497e00160b166a967a4a79c64f3facdd01cbd7502231688d77df"
dependencies = [
 "proc-macro2",
 "quote",
 "syn 2.0.15",
]

[[package]]
name = "serde_json"
version = "1.0.96"
source = "registry+https://github.com/rust-lang/crates.io-index"
checksum = "057d394a50403bcac12672b2b18fb387ab6d289d957dab67dd201875391e52f1"
dependencies = [
 "itoa",
 "ryu",
 "serde",
]

[[package]]
name = "simd-adler32"
version = "0.3.5"
source = "registry+https://github.com/rust-lang/crates.io-index"
checksum = "238abfbb77c1915110ad968465608b68e869e0772622c9656714e73e5a1a522f"

[[package]]
name = "strsim"
version = "0.8.0"
source = "registry+https://github.com/rust-lang/crates.io-index"
checksum = "8ea5119cdb4c55b55d432abb513a0429384878c15dde60cc77b1c99de1a95a6a"

[[package]]
name = "structopt"
version = "0.3.26"
source = "registry+https://github.com/rust-lang/crates.io-index"
checksum = "0c6b5c64445ba8094a6ab0c3cd2ad323e07171012d9c98b0b15651daf1787a10"
dependencies = [
 "clap",
 "lazy_static",
 "structopt-derive",
]

[[package]]
name = "structopt-derive"
version = "0.4.18"
source = "registry+https://github.com/rust-lang/crates.io-index"
checksum = "dcb5ae327f9cc13b68763b5749770cb9e048a99bd9dfdfa58d0cf05d5f64afe0"
dependencies = [
 "heck",
 "proc-macro-error",
 "proc-macro2",
 "quote",
 "syn 1.0.109",
]

[[package]]
name = "syn"
version = "1.0.109"
source = "registry+https://github.com/rust-lang/crates.io-index"
checksum = "72b64191b275b66ffe2469e8af2c1cfe3bafa67b529ead792a6d0160888b4237"
dependencies = [
 "proc-macro2",
 "quote",
 "unicode-ident",
]

[[package]]
name = "syn"
version = "2.0.15"
source = "registry+https://github.com/rust-lang/crates.io-index"
checksum = "a34fcf3e8b60f57e6a14301a2e916d323af98b0ea63c599441eec8558660c822"
dependencies = [
 "proc-macro2",
 "quote",
 "unicode-ident",
]

[[package]]
name = "termcolor"
version = "1.2.0"
source = "registry+https://github.com/rust-lang/crates.io-index"
checksum = "be55cf8942feac5c765c2c993422806843c9a9a45d4d5c407ad6dd2ea95eb9b6"
dependencies = [
 "winapi-util",
]

[[package]]
name = "tetanes"
version = "0.8.0"
dependencies = [
 "anyhow",
 "bincode",
 "bitflags",
 "cargo-husky",
 "chrono",
 "dirs",
 "enum_dispatch",
 "flate2",
 "getrandom",
 "log",
 "once_cell",
 "pix-engine",
 "pretty_env_logger",
 "rand",
 "ringbuf",
 "serde",
 "serde_json",
 "structopt",
 "wasm-bindgen",
]

[[package]]
name = "textwrap"
version = "0.11.0"
source = "registry+https://github.com/rust-lang/crates.io-index"
checksum = "d326610f408c7a4eb6f51c37c330e496b08506c9457c9d34287ecc38809fb060"
dependencies = [
 "unicode-width",
]

[[package]]
name = "thiserror"
version = "1.0.40"
source = "registry+https://github.com/rust-lang/crates.io-index"
checksum = "978c9a314bd8dc99be594bc3c175faaa9794be04a5a5e153caba6915336cebac"
dependencies = [
 "thiserror-impl",
]

[[package]]
name = "thiserror-impl"
version = "1.0.40"
source = "registry+https://github.com/rust-lang/crates.io-index"
checksum = "f9456a42c5b0d803c8cd86e73dd7cc9edd429499f37a3550d286d5e86720569f"
dependencies = [
 "proc-macro2",
 "quote",
 "syn 2.0.15",
]

[[package]]
name = "time"
version = "0.1.45"
source = "registry+https://github.com/rust-lang/crates.io-index"
checksum = "1b797afad3f312d1c66a56d11d0316f916356d11bd158fbc6ca6389ff6bf805a"
dependencies = [
 "libc",
 "wasi 0.10.0+wasi-snapshot-preview1",
 "winapi",
]

[[package]]
name = "unicode-ident"
version = "1.0.8"
source = "registry+https://github.com/rust-lang/crates.io-index"
checksum = "e5464a87b239f13a63a501f2701565754bae92d243d4bb7eb12f6d57d2269bf4"

[[package]]
name = "unicode-segmentation"
version = "1.10.1"
source = "registry+https://github.com/rust-lang/crates.io-index"
checksum = "1dd624098567895118886609431a7c3b8f516e41d30e0643f03d94592a147e36"

[[package]]
name = "unicode-width"
version = "0.1.10"
source = "registry+https://github.com/rust-lang/crates.io-index"
checksum = "c0edd1e5b14653f783770bce4a4dabb4a5108a5370a5f5d8cfe8710c361f6c8b"

[[package]]
name = "vec_map"
version = "0.8.2"
source = "registry+https://github.com/rust-lang/crates.io-index"
checksum = "f1bddf1187be692e79c5ffeab891132dfb0f236ed36a43c7ed39f1165ee20191"

[[package]]
name = "version-compare"
version = "0.1.1"
source = "registry+https://github.com/rust-lang/crates.io-index"
checksum = "579a42fc0b8e0c63b76519a339be31bed574929511fa53c1a3acae26eb258f29"

[[package]]
name = "version_check"
version = "0.9.4"
source = "registry+https://github.com/rust-lang/crates.io-index"
checksum = "49874b5167b65d7193b8aba1567f5c7d93d001cafc34600cee003eda787e483f"

[[package]]
name = "wasi"
version = "0.10.0+wasi-snapshot-preview1"
source = "registry+https://github.com/rust-lang/crates.io-index"
checksum = "1a143597ca7c7793eff794def352d41792a93c481eb1042423ff7ff72ba2c31f"

[[package]]
name = "wasi"
version = "0.11.0+wasi-snapshot-preview1"
source = "registry+https://github.com/rust-lang/crates.io-index"
checksum = "9c8d87e72b64a3b4db28d11ce29237c246188f4f51057d65a7eab63b7987e423"

[[package]]
name = "wasm-bindgen"
version = "0.2.84"
source = "registry+https://github.com/rust-lang/crates.io-index"
checksum = "31f8dcbc21f30d9b8f2ea926ecb58f6b91192c17e9d33594b3df58b2007ca53b"
dependencies = [
 "cfg-if",
 "wasm-bindgen-macro",
]

[[package]]
name = "wasm-bindgen-backend"
version = "0.2.84"
source = "registry+https://github.com/rust-lang/crates.io-index"
checksum = "95ce90fd5bcc06af55a641a86428ee4229e44e07033963a2290a8e241607ccb9"
dependencies = [
 "bumpalo",
 "log",
 "once_cell",
 "proc-macro2",
 "quote",
 "syn 1.0.109",
 "wasm-bindgen-shared",
]

[[package]]
name = "wasm-bindgen-macro"
version = "0.2.84"
source = "registry+https://github.com/rust-lang/crates.io-index"
checksum = "4c21f77c0bedc37fd5dc21f897894a5ca01e7bb159884559461862ae90c0b4c5"
dependencies = [
 "quote",
 "wasm-bindgen-macro-support",
]

[[package]]
name = "wasm-bindgen-macro-support"
version = "0.2.84"
source = "registry+https://github.com/rust-lang/crates.io-index"
checksum = "2aff81306fcac3c7515ad4e177f521b5c9a15f2b08f4e32d823066102f35a5f6"
dependencies = [
 "proc-macro2",
 "quote",
 "syn 1.0.109",
 "wasm-bindgen-backend",
 "wasm-bindgen-shared",
]

[[package]]
name = "wasm-bindgen-shared"
version = "0.2.84"
source = "registry+https://github.com/rust-lang/crates.io-index"
checksum = "0046fef7e28c3804e5e38bfa31ea2a0f73905319b677e57ebe37e49358989b5d"

[[package]]
name = "winapi"
version = "0.3.9"
source = "registry+https://github.com/rust-lang/crates.io-index"
checksum = "5c839a674fcd7a98952e593242ea400abe93992746761e38641405d28b00f419"
dependencies = [
 "winapi-i686-pc-windows-gnu",
 "winapi-x86_64-pc-windows-gnu",
]

[[package]]
name = "winapi-i686-pc-windows-gnu"
version = "0.4.0"
source = "registry+https://github.com/rust-lang/crates.io-index"
checksum = "ac3b87c63620426dd9b991e5ce0329eff545bccbbb34f3be09ff6fb6ab51b7b6"

[[package]]
name = "winapi-util"
version = "0.1.5"
source = "registry+https://github.com/rust-lang/crates.io-index"
checksum = "70ec6ce85bb158151cae5e5c87f95a8e97d2c0c4b001223f33a334e3ce5de178"
dependencies = [
 "winapi",
]

[[package]]
name = "winapi-x86_64-pc-windows-gnu"
version = "0.4.0"
source = "registry+https://github.com/rust-lang/crates.io-index"
checksum = "712e227841d057c1ee1cd2fb22fa7e5a5461ae8e48fa2ca79ec42cfc1931183f"

[[package]]
name = "windows"
version = "0.48.0"
source = "registry+https://github.com/rust-lang/crates.io-index"
checksum = "e686886bc078bc1b0b600cac0147aadb815089b6e4da64016cbd754b6342700f"
dependencies = [
 "windows-targets",
]

[[package]]
name = "windows-targets"
version = "0.48.0"
source = "registry+https://github.com/rust-lang/crates.io-index"
checksum = "7b1eb6f0cd7c80c79759c929114ef071b87354ce476d9d94271031c0497adfd5"
dependencies = [
 "windows_aarch64_gnullvm",
 "windows_aarch64_msvc",
 "windows_i686_gnu",
 "windows_i686_msvc",
 "windows_x86_64_gnu",
 "windows_x86_64_gnullvm",
 "windows_x86_64_msvc",
]

[[package]]
name = "windows_aarch64_gnullvm"
version = "0.48.0"
source = "registry+https://github.com/rust-lang/crates.io-index"
checksum = "91ae572e1b79dba883e0d315474df7305d12f569b400fcf90581b06062f7e1bc"

[[package]]
name = "windows_aarch64_msvc"
version = "0.48.0"
source = "registry+https://github.com/rust-lang/crates.io-index"
checksum = "b2ef27e0d7bdfcfc7b868b317c1d32c641a6fe4629c171b8928c7b08d98d7cf3"

[[package]]
name = "windows_i686_gnu"
version = "0.48.0"
source = "registry+https://github.com/rust-lang/crates.io-index"
checksum = "622a1962a7db830d6fd0a69683c80a18fda201879f0f447f065a3b7467daa241"

[[package]]
name = "windows_i686_msvc"
version = "0.48.0"
source = "registry+https://github.com/rust-lang/crates.io-index"
checksum = "4542c6e364ce21bf45d69fdd2a8e455fa38d316158cfd43b3ac1c5b1b19f8e00"

[[package]]
name = "windows_x86_64_gnu"
version = "0.48.0"
source = "registry+https://github.com/rust-lang/crates.io-index"
checksum = "ca2b8a661f7628cbd23440e50b05d705db3686f894fc9580820623656af974b1"

[[package]]
name = "windows_x86_64_gnullvm"
version = "0.48.0"
source = "registry+https://github.com/rust-lang/crates.io-index"
checksum = "7896dbc1f41e08872e9d5e8f8baa8fdd2677f29468c4e156210174edc7f7b953"

[[package]]
name = "windows_x86_64_msvc"
version = "0.48.0"
source = "registry+https://github.com/rust-lang/crates.io-index"
checksum = "1a515f5799fe4961cb532f983ce2b23082366b898e52ffbce459c86f67c8378a"
